
Microsoft Visual Studio Solution File, Format Version 12.00
# Visual Studio Version 17
VisualStudioVersion = 17.7.34221.43
MinimumVisualStudioVersion = 10.0.40219.1
Project("{FAE04EC0-301F-11D3-BF4B-00C04F79EFBC}") = "BMShop", "BMShop\BMShop.csproj", "{8D810B5A-9DE6-4A9B-941F-CB6AD9489FBA}"
EndProject
Project("{FAE04EC0-301F-11D3-BF4B-00C04F79EFBC}") = "Model", "Model\Model.csproj", "{8F31F65B-B7C8-4870-91B6-C316F8936FD6}"
EndProject
Project("{FAE04EC0-301F-11D3-BF4B-00C04F79EFBC}") = "Common", "Common\Common.csproj", "{71A3914F-5ED2-49AD-BDAF-D55E5A390BF6}"
EndProject
Global
	GlobalSection(SolutionConfigurationPlatforms) = preSolution
		Debug|Any CPU = Debug|Any CPU
		Release|Any CPU = Release|Any CPU
	EndGlobalSection
	GlobalSection(ProjectConfigurationPlatforms) = postSolution
		{8D810B5A-9DE6-4A9B-941F-CB6AD9489FBA}.Debug|Any CPU.ActiveCfg = Debug|Any CPU
		{8D810B5A-9DE6-4A9B-941F-CB6AD9489FBA}.Debug|Any CPU.Build.0 = Debug|Any CPU
		{8D810B5A-9DE6-4A9B-941F-CB6AD9489FBA}.Release|Any CPU.ActiveCfg = Release|Any CPU
		{8D810B5A-9DE6-4A9B-941F-CB6AD9489FBA}.Release|Any CPU.Build.0 = Release|Any CPU
		{8F31F65B-B7C8-4870-91B6-C316F8936FD6}.Debug|Any CPU.ActiveCfg = Debug|Any CPU
		{8F31F65B-B7C8-4870-91B6-C316F8936FD6}.Debug|Any CPU.Build.0 = Debug|Any CPU
		{8F31F65B-B7C8-4870-91B6-C316F8936FD6}.Release|Any CPU.ActiveCfg = Release|Any CPU
		{8F31F65B-B7C8-4870-91B6-C316F8936FD6}.Release|Any CPU.Build.0 = Release|Any CPU
		{71A3914F-5ED2-49AD-BDAF-D55E5A390BF6}.Debug|Any CPU.ActiveCfg = Debug|Any CPU
		{71A3914F-5ED2-49AD-BDAF-D55E5A390BF6}.Debug|Any CPU.Build.0 = Debug|Any CPU
		{71A3914F-5ED2-49AD-BDAF-D55E5A390BF6}.Release|Any CPU.ActiveCfg = Release|Any CPU
		{71A3914F-5ED2-49AD-BDAF-D55E5A390BF6}.Release|Any CPU.Build.0 = Release|Any CPU
	EndGlobalSection
	GlobalSection(SolutionProperties) = preSolution
		HideSolutionNode = FALSE
	EndGlobalSection
	GlobalSection(ExtensibilityGlobals) = postSolution
		SolutionGuid = {EBE3647F-CAE0-46E7-92B2-6945FD751DE7}
	EndGlobalSection
EndGlobal
